
Microsoft Visual Studio Solution File, Format Version 12.00
# Visual Studio Version 17
VisualStudioVersion = 17.8.34525.116
MinimumVisualStudioVersion = 10.0.40219.1
Project("{FAE04EC0-301F-11D3-BF4B-00C04F79EFBC}") = "PokeView", "PokeView\PokeView.csproj", "{807FFAEB-74BD-4926-8E54-4FF661922DCC}"
EndProject
Global
	GlobalSection(SolutionConfigurationPlatforms) = preSolution
		Debug|Any CPU = Debug|Any CPU
		Release|Any CPU = Release|Any CPU
	EndGlobalSection
	GlobalSection(ProjectConfigurationPlatforms) = postSolution
		{807FFAEB-74BD-4926-8E54-4FF661922DCC}.Debug|Any CPU.ActiveCfg = Debug|Any CPU
		{807FFAEB-74BD-4926-8E54-4FF661922DCC}.Debug|Any CPU.Build.0 = Debug|Any CPU
		{807FFAEB-74BD-4926-8E54-4FF661922DCC}.Release|Any CPU.ActiveCfg = Release|Any CPU
		{807FFAEB-74BD-4926-8E54-4FF661922DCC}.Release|Any CPU.Build.0 = Release|Any CPU
	EndGlobalSection
	GlobalSection(SolutionProperties) = preSolution
		HideSolutionNode = FALSE
	EndGlobalSection
	GlobalSection(ExtensibilityGlobals) = postSolution
		SolutionGuid = {9B9A4AE6-2DE2-4303-B5D6-7D09AEE77219}
	EndGlobalSection
EndGlobal
